
Microsoft Visual Studio Solution File, Format Version 12.00
# Visual Studio Version 17
VisualStudioVersion = 17.11.35327.3
MinimumVisualStudioVersion = 10.0.40219.1
Project("{FAE04EC0-301F-11D3-BF4B-00C04F79EFBC}") = "WebApplication5", "WebApplication5\WebApplication5.csproj", "{DDFDD3AB-16A6-4742-8932-444D248B1439}"
EndProject
Global
	GlobalSection(SolutionConfigurationPlatforms) = preSolution
		Debug|Any CPU = Debug|Any CPU
		Release|Any CPU = Release|Any CPU
	EndGlobalSection
	GlobalSection(ProjectConfigurationPlatforms) = postSolution
		{DDFDD3AB-16A6-4742-8932-444D248B1439}.Debug|Any CPU.ActiveCfg = Debug|Any CPU
		{DDFDD3AB-16A6-4742-8932-444D248B1439}.Debug|Any CPU.Build.0 = Debug|Any CPU
		{DDFDD3AB-16A6-4742-8932-444D248B1439}.Release|Any CPU.ActiveCfg = Release|Any CPU
		{DDFDD3AB-16A6-4742-8932-444D248B1439}.Release|Any CPU.Build.0 = Release|Any CPU
	EndGlobalSection
	GlobalSection(SolutionProperties) = preSolution
		HideSolutionNode = FALSE
	EndGlobalSection
	GlobalSection(ExtensibilityGlobals) = postSolution
		SolutionGuid = {D67A4268-96E3-4402-BAA4-F1823EABD2A3}
	EndGlobalSection
EndGlobal
